
Microsoft Visual Studio Solution File, Format Version 12.00
# Visual Studio Version 16
VisualStudioVersion = 16.0.31205.134
MinimumVisualStudioVersion = 10.0.40219.1
Project("{8BC9CEB8-8B4A-11D0-8D11-00A0C91BC942}") = "Матан", "Матан.vcxproj", "{76685FA0-C275-4969-9D77-64AC9BD5A59B}"
EndProject
Global
	GlobalSection(SolutionConfigurationPlatforms) = preSolution
		Debug|x64 = Debug|x64
		Debug|x86 = Debug|x86
		Release|x64 = Release|x64
		Release|x86 = Release|x86
	EndGlobalSection
	GlobalSection(ProjectConfigurationPlatforms) = postSolution
		{76685FA0-C275-4969-9D77-64AC9BD5A59B}.Debug|x64.ActiveCfg = Debug|x64
		{76685FA0-C275-4969-9D77-64AC9BD5A59B}.Debug|x64.Build.0 = Debug|x64
		{76685FA0-C275-4969-9D77-64AC9BD5A59B}.Debug|x86.ActiveCfg = Debug|Win32
		{76685FA0-C275-4969-9D77-64AC9BD5A59B}.Debug|x86.Build.0 = Debug|Win32
		{76685FA0-C275-4969-9D77-64AC9BD5A59B}.Release|x64.ActiveCfg = Release|x64
		{76685FA0-C275-4969-9D77-64AC9BD5A59B}.Release|x64.Build.0 = Release|x64
		{76685FA0-C275-4969-9D77-64AC9BD5A59B}.Release|x86.ActiveCfg = Release|Win32
		{76685FA0-C275-4969-9D77-64AC9BD5A59B}.Release|x86.Build.0 = Release|Win32
	EndGlobalSection
	GlobalSection(SolutionProperties) = preSolution
		HideSolutionNode = FALSE
	EndGlobalSection
	GlobalSection(ExtensibilityGlobals) = postSolution
		SolutionGuid = {819ED1B0-498E-473C-90BE-783EFC5A2EDD}
	EndGlobalSection
EndGlobal
